
Microsoft Visual Studio Solution File, Format Version 10.00
# Visual Studio 2008
Project("{FAE04EC0-301F-11D3-BF4B-00C04F79EFBC}") = "EVE API", "EVE API\EVE API.csproj", "{4C8464C9-1415-4777-99C0-F1AAEBBC229D}"
EndProject
Project("{FAE04EC0-301F-11D3-BF4B-00C04F79EFBC}") = "Test GUI", "Test GUI\Test GUI.csproj", "{94785250-ADA1-47DC-9E19-4DEFA1FEDBD1}"
EndProject
Global
	GlobalSection(SubversionScc) = preSolution
		Svn-Managed = True
		Manager = AnkhSVN - Subversion Support for Visual Studio
	EndGlobalSection
	GlobalSection(SolutionConfigurationPlatforms) = preSolution
		Debug|Any CPU = Debug|Any CPU
		Release|Any CPU = Release|Any CPU
	EndGlobalSection
	GlobalSection(ProjectConfigurationPlatforms) = postSolution
		{4C8464C9-1415-4777-99C0-F1AAEBBC229D}.Debug|Any CPU.ActiveCfg = Debug|Any CPU
		{4C8464C9-1415-4777-99C0-F1AAEBBC229D}.Debug|Any CPU.Build.0 = Debug|Any CPU
		{4C8464C9-1415-4777-99C0-F1AAEBBC229D}.Release|Any CPU.ActiveCfg = Release|Any CPU
		{4C8464C9-1415-4777-99C0-F1AAEBBC229D}.Release|Any CPU.Build.0 = Release|Any CPU
		{94785250-ADA1-47DC-9E19-4DEFA1FEDBD1}.Debug|Any CPU.ActiveCfg = Debug|Any CPU
		{94785250-ADA1-47DC-9E19-4DEFA1FEDBD1}.Debug|Any CPU.Build.0 = Debug|Any CPU
		{94785250-ADA1-47DC-9E19-4DEFA1FEDBD1}.Release|Any CPU.ActiveCfg = Release|Any CPU
		{94785250-ADA1-47DC-9E19-4DEFA1FEDBD1}.Release|Any CPU.Build.0 = Release|Any CPU
	EndGlobalSection
	GlobalSection(SolutionProperties) = preSolution
		HideSolutionNode = FALSE
	EndGlobalSection
EndGlobal
